
Microsoft Visual Studio Solution File, Format Version 12.00
# Visual Studio Version 16
VisualStudioVersion = 16.0.31729.503
MinimumVisualStudioVersion = 10.0.40219.1
Project("{FAE04EC0-301F-11D3-BF4B-00C04F79EFBC}") = "WpfAutoComplete", "WpfAutoComplete\WpfAutoComplete.csproj", "{09896707-277A-42F7-9A5E-C94645A43FFB}"
EndProject
Global
	GlobalSection(SolutionConfigurationPlatforms) = preSolution
		Debug|Any CPU = Debug|Any CPU
		Release|Any CPU = Release|Any CPU
	EndGlobalSection
	GlobalSection(ProjectConfigurationPlatforms) = postSolution
		{09896707-277A-42F7-9A5E-C94645A43FFB}.Debug|Any CPU.ActiveCfg = Debug|Any CPU
		{09896707-277A-42F7-9A5E-C94645A43FFB}.Debug|Any CPU.Build.0 = Debug|Any CPU
		{09896707-277A-42F7-9A5E-C94645A43FFB}.Release|Any CPU.ActiveCfg = Release|Any CPU
		{09896707-277A-42F7-9A5E-C94645A43FFB}.Release|Any CPU.Build.0 = Release|Any CPU
	EndGlobalSection
	GlobalSection(SolutionProperties) = preSolution
		HideSolutionNode = FALSE
	EndGlobalSection
	GlobalSection(ExtensibilityGlobals) = postSolution
		SolutionGuid = {8E991AEF-C55F-488B-8F68-66893F4A685B}
	EndGlobalSection
EndGlobal
